
Microsoft Visual Studio Solution File, Format Version 12.00
# Visual Studio Version 17
VisualStudioVersion = 17.14.37012.4
MinimumVisualStudioVersion = 10.0.40219.1
Project("{FAE04EC0-301F-11D3-BF4B-00C04F79EFBC}") = "TaskManager.Api", "TaskManager.Api\TaskManager.Api.csproj", "{D4652D01-8C47-42E6-B5E6-635447A7825B}"
EndProject
Project("{FAE04EC0-301F-11D3-BF4B-00C04F79EFBC}") = "TaskManager.Application", "TaskManager.Application\TaskManager.Application.csproj", "{33740273-476E-4F10-BE43-8D09BAB92AAD}"
EndProject
Project("{FAE04EC0-301F-11D3-BF4B-00C04F79EFBC}") = "TaskManager.Domain", "TaskManager.Domain\TaskManager.Domain.csproj", "{CFCA3692-BEF3-4658-AC0A-A1DE5DF9D182}"
EndProject
Project("{FAE04EC0-301F-11D3-BF4B-00C04F79EFBC}") = "TaskManager.Infrastructure", "TaskManager.Infrastructure\TaskManager.Infrastructure.csproj", "{B003FE8E-1864-4C78-A9C6-F63DD869C711}"
EndProject
Project("{FAE04EC0-301F-11D3-BF4B-00C04F79EFBC}") = "TaskManager.Tests", "TaskManager.Tests\TaskManager.Tests.csproj", "{1668E9FF-4294-43AF-A556-D8288220C263}"
EndProject
Project("{FAE04EC0-301F-11D3-BF4B-00C04F79EFBC}") = "TaskManager.IntegrationTests", "TaskManager.IntegrationTests\TaskManager.IntegrationTests.csproj", "{CB32DB29-0280-414F-8FC5-A0CA24C25AEA}"
EndProject
Global
	GlobalSection(SolutionConfigurationPlatforms) = preSolution
		Debug|Any CPU = Debug|Any CPU
		Release|Any CPU = Release|Any CPU
	EndGlobalSection
	GlobalSection(ProjectConfigurationPlatforms) = postSolution
		{D4652D01-8C47-42E6-B5E6-635447A7825B}.Debug|Any CPU.ActiveCfg = Debug|Any CPU
		{D4652D01-8C47-42E6-B5E6-635447A7825B}.Debug|Any CPU.Build.0 = Debug|Any CPU
		{D4652D01-8C47-42E6-B5E6-635447A7825B}.Release|Any CPU.ActiveCfg = Release|Any CPU
		{D4652D01-8C47-42E6-B5E6-635447A7825B}.Release|Any CPU.Build.0 = Release|Any CPU
		{33740273-476E-4F10-BE43-8D09BAB92AAD}.Debug|Any CPU.ActiveCfg = Debug|Any CPU
		{33740273-476E-4F10-BE43-8D09BAB92AAD}.Debug|Any CPU.Build.0 = Debug|Any CPU
		{33740273-476E-4F10-BE43-8D09BAB92AAD}.Release|Any CPU.ActiveCfg = Release|Any CPU
		{33740273-476E-4F10-BE43-8D09BAB92AAD}.Release|Any CPU.Build.0 = Release|Any CPU
		{CFCA3692-BEF3-4658-AC0A-A1DE5DF9D182}.Debug|Any CPU.ActiveCfg = Debug|Any CPU
		{CFCA3692-BEF3-4658-AC0A-A1DE5DF9D182}.Debug|Any CPU.Build.0 = Debug|Any CPU
		{CFCA3692-BEF3-4658-AC0A-A1DE5DF9D182}.Release|Any CPU.ActiveCfg = Release|Any CPU
		{CFCA3692-BEF3-4658-AC0A-A1DE5DF9D182}.Release|Any CPU.Build.0 = Release|Any CPU
		{B003FE8E-1864-4C78-A9C6-F63DD869C711}.Debug|Any CPU.ActiveCfg = Debug|Any CPU
		{B003FE8E-1864-4C78-A9C6-F63DD869C711}.Debug|Any CPU.Build.0 = Debug|Any CPU
		{B003FE8E-1864-4C78-A9C6-F63DD869C711}.Release|Any CPU.ActiveCfg = Release|Any CPU
		{B003FE8E-1864-4C78-A9C6-F63DD869C711}.Release|Any CPU.Build.0 = Release|Any CPU
		{1668E9FF-4294-43AF-A556-D8288220C263}.Debug|Any CPU.ActiveCfg = Debug|Any CPU
		{1668E9FF-4294-43AF-A556-D8288220C263}.Debug|Any CPU.Build.0 = Debug|Any CPU
		{1668E9FF-4294-43AF-A556-D8288220C263}.Release|Any CPU.ActiveCfg = Release|Any CPU
		{1668E9FF-4294-43AF-A556-D8288220C263}.Release|Any CPU.Build.0 = Release|Any CPU
		{CB32DB29-0280-414F-8FC5-A0CA24C25AEA}.Debug|Any CPU.ActiveCfg = Debug|Any CPU
		{CB32DB29-0280-414F-8FC5-A0CA24C25AEA}.Debug|Any CPU.Build.0 = Debug|Any CPU
		{CB32DB29-0280-414F-8FC5-A0CA24C25AEA}.Release|Any CPU.ActiveCfg = Release|Any CPU
		{CB32DB29-0280-414F-8FC5-A0CA24C25AEA}.Release|Any CPU.Build.0 = Release|Any CPU
	EndGlobalSection
	GlobalSection(SolutionProperties) = preSolution
		HideSolutionNode = FALSE
	EndGlobalSection
	GlobalSection(ExtensibilityGlobals) = postSolution
		SolutionGuid = {EEF16C8E-8C33-4F01-9F72-24AC322C3939}
	EndGlobalSection
EndGlobal
